
Microsoft Visual Studio Solution File, Format Version 12.00
# Visual Studio 15
VisualStudioVersion = 15.0.27130.2026
MinimumVisualStudioVersion = 10.0.40219.1
Project("{FAE04EC0-301F-11D3-BF4B-00C04F79EFBC}") = "TTS", "TTS\TTS.csproj", "{3C8862F6-89AA-40EC-9DCE-707B31B0A192}"
EndProject
Global
	GlobalSection(SolutionConfigurationPlatforms) = preSolution
		Debug|Any CPU = Debug|Any CPU
		Release|Any CPU = Release|Any CPU
	EndGlobalSection
	GlobalSection(ProjectConfigurationPlatforms) = postSolution
		{3C8862F6-89AA-40EC-9DCE-707B31B0A192}.Debug|Any CPU.ActiveCfg = Debug|Any CPU
		{3C8862F6-89AA-40EC-9DCE-707B31B0A192}.Debug|Any CPU.Build.0 = Debug|Any CPU
		{3C8862F6-89AA-40EC-9DCE-707B31B0A192}.Release|Any CPU.ActiveCfg = Release|Any CPU
		{3C8862F6-89AA-40EC-9DCE-707B31B0A192}.Release|Any CPU.Build.0 = Release|Any CPU
	EndGlobalSection
	GlobalSection(SolutionProperties) = preSolution
		HideSolutionNode = FALSE
	EndGlobalSection
	GlobalSection(ExtensibilityGlobals) = postSolution
		SolutionGuid = {79B55B69-6F5F-4353-ACAA-A773FB83939F}
	EndGlobalSection
EndGlobal
